
Microsoft Visual Studio Solution File, Format Version 11.00
# Visual Studio 2010
Project("{FAE04EC0-301F-11D3-BF4B-00C04F79EFBC}") = "Assembly-CSharp", "Assembly-CSharp.csproj", "{ADA72E2B-8565-F04B-4E92-55B9006FBFB3}"
EndProject
Global
	GlobalSection(SolutionConfigurationPlatforms) = preSolution
		Debug|Any CPU = Debug|Any CPU
		Release|Any CPU = Release|Any CPU
	EndGlobalSection
	GlobalSection(ProjectConfigurationPlatforms) = postSolution
		{ADA72E2B-8565-F04B-4E92-55B9006FBFB3}.Debug|Any CPU.ActiveCfg = Debug|Any CPU
		{ADA72E2B-8565-F04B-4E92-55B9006FBFB3}.Debug|Any CPU.Build.0 = Debug|Any CPU
		{ADA72E2B-8565-F04B-4E92-55B9006FBFB3}.Release|Any CPU.ActiveCfg = Release|Any CPU
		{ADA72E2B-8565-F04B-4E92-55B9006FBFB3}.Release|Any CPU.Build.0 = Release|Any CPU
	EndGlobalSection
	GlobalSection(SolutionProperties) = preSolution
		HideSolutionNode = FALSE
	EndGlobalSection
	GlobalSection(MonoDevelopProperties) = preSolution
		StartupItem = Assembly-CSharp.csproj
	EndGlobalSection
EndGlobal
